
Microsoft Visual Studio Solution File, Format Version 12.00
# Visual Studio Version 17
VisualStudioVersion = 17.3.32811.315
MinimumVisualStudioVersion = 10.0.40219.1
Project("{FAE04EC0-301F-11D3-BF4B-00C04F79EFBC}") = "TutoriasWcf", "TutoriasWcf\TutoriasWcf.csproj", "{2DA6F0FA-6BFD-4CDF-BA76-4CEE75F38F0D}"
EndProject
Project("{FAE04EC0-301F-11D3-BF4B-00C04F79EFBC}") = "TutoriasClienteWpf", "TutoriasClienteWpf\TutoriasClienteWpf.csproj", "{92397797-990B-48B5-85ED-4774F1E64A62}"
EndProject
Global
	GlobalSection(SolutionConfigurationPlatforms) = preSolution
		Debug|Any CPU = Debug|Any CPU
		Release|Any CPU = Release|Any CPU
	EndGlobalSection
	GlobalSection(ProjectConfigurationPlatforms) = postSolution
		{2DA6F0FA-6BFD-4CDF-BA76-4CEE75F38F0D}.Debug|Any CPU.ActiveCfg = Debug|Any CPU
		{2DA6F0FA-6BFD-4CDF-BA76-4CEE75F38F0D}.Debug|Any CPU.Build.0 = Debug|Any CPU
		{2DA6F0FA-6BFD-4CDF-BA76-4CEE75F38F0D}.Release|Any CPU.ActiveCfg = Release|Any CPU
		{2DA6F0FA-6BFD-4CDF-BA76-4CEE75F38F0D}.Release|Any CPU.Build.0 = Release|Any CPU
		{92397797-990B-48B5-85ED-4774F1E64A62}.Debug|Any CPU.ActiveCfg = Debug|Any CPU
		{92397797-990B-48B5-85ED-4774F1E64A62}.Debug|Any CPU.Build.0 = Debug|Any CPU
		{92397797-990B-48B5-85ED-4774F1E64A62}.Release|Any CPU.ActiveCfg = Release|Any CPU
		{92397797-990B-48B5-85ED-4774F1E64A62}.Release|Any CPU.Build.0 = Release|Any CPU
	EndGlobalSection
	GlobalSection(SolutionProperties) = preSolution
		HideSolutionNode = FALSE
	EndGlobalSection
	GlobalSection(ExtensibilityGlobals) = postSolution
		SolutionGuid = {4D319B4B-9751-4E4E-99AC-5088948372C8}
	EndGlobalSection
EndGlobal
